
Microsoft Visual Studio Solution File, Format Version 12.00
# Visual Studio Version 17
VisualStudioVersion = 17.4.33122.133
MinimumVisualStudioVersion = 10.0.40219.1
Project("{FAE04EC0-301F-11D3-BF4B-00C04F79EFBC}") = "WinFormsApp1", "WinFormsApp1\WinFormsApp1.csproj", "{8673A7C8-625B-427F-834C-648ADC3A025E}"
EndProject
Global
	GlobalSection(SolutionConfigurationPlatforms) = preSolution
		Debug|Any CPU = Debug|Any CPU
		Release|Any CPU = Release|Any CPU
	EndGlobalSection
	GlobalSection(ProjectConfigurationPlatforms) = postSolution
		{8673A7C8-625B-427F-834C-648ADC3A025E}.Debug|Any CPU.ActiveCfg = Debug|Any CPU
		{8673A7C8-625B-427F-834C-648ADC3A025E}.Debug|Any CPU.Build.0 = Debug|Any CPU
		{8673A7C8-625B-427F-834C-648ADC3A025E}.Release|Any CPU.ActiveCfg = Release|Any CPU
		{8673A7C8-625B-427F-834C-648ADC3A025E}.Release|Any CPU.Build.0 = Release|Any CPU
	EndGlobalSection
	GlobalSection(SolutionProperties) = preSolution
		HideSolutionNode = FALSE
	EndGlobalSection
	GlobalSection(ExtensibilityGlobals) = postSolution
		SolutionGuid = {4CC73178-B0DF-4A3A-ABAE-A4331784114D}
	EndGlobalSection
EndGlobal
